{
  "name": "crmtool-mcp",
  "version": "1.0.0",
  "lockfileVersion": 3,
  "requires": true,
  "packages": {
    "": {
      "name": "crmtool-mcp",
      "version": "1.0.0",
      "dependencies": {
        "@modelcontextprotocol/server": "^2",
        "mcp-handler": "^2",
        "zod": "^4"
      },
      "engines": {
        "node": ">=20"
      }
    },
    "node_modules/@modelcontextprotocol/core": {
      "version": "2.0.0",
      "resolved": "https://registry.npmjs.org/@modelcontextprotocol/core/-/core-2.0.0.tgz",
      "integrity": "sha512-pJCEwGG7Lfr/+PQp9ZTwKXNeO5wzbfKL7H3MYpCorM4oFBoQrdjnBgEoqG+RjhsvS1FKrDbKux+M1HhlnGWqcA==",
      "license": "MIT",
      "dependencies": {
        "zod": "^4.2.0"
      },
      "engines": {
        "node": ">=20"
      }
    },
    "node_modules/@modelcontextprotocol/server": {
      "version": "2.0.0",
      "resolved": "https://registry.npmjs.org/@modelcontextprotocol/server/-/server-2.0.0.tgz",
      "integrity": "sha512-YhHWdHfpFMQfd0prsEnxKeS3Qz3ytIGmsS0sth4KDjnacIT7hxk6hXHkJ9KysxlkvTM+WZAtQbbcUhdoP4Hvtw==",
      "license": "MIT",
      "dependencies": {
        "@modelcontextprotocol/core": "2.0.0",
        "zod": "^4.2.0"
      },
      "engines": {
        "node": ">=20"
      }
    },
    "node_modules/chalk": {
      "version": "5.6.2",
      "resolved": "https://registry.npmjs.org/chalk/-/chalk-5.6.2.tgz",
      "integrity": "sha512-7NzBL0rN6fMUW+f7A6Io4h40qQlG+xGmtMxfbnH/K7TAtt8JQWVQK+6g0UXKMeVJoyV5EkkNsErQ8pVD3bLHbA==",
      "license": "MIT",
      "engines": {
        "node": "^12.17.0 || ^14.13 || >=16.0.0"
      },
      "funding": {
        "url": "https://github.com/chalk/chalk?sponsor=1"
      }
    },
    "node_modules/commander": {
      "version": "11.1.0",
      "resolved": "https://registry.npmjs.org/commander/-/commander-11.1.0.tgz",
      "integrity": "sha512-yPVavfyCcRhmorC7rWlkHn15b4wDVgVmBA7kV4QVBsF7kv/9TKJAbAXVTxvTnwP8HHKjRCJDClKbciiYS7p0DQ==",
      "license": "MIT",
      "engines": {
        "node": ">=16"
      }
    },
    "node_modules/mcp-handler": {
      "version": "2.1.1",
      "resolved": "https://registry.npmjs.org/mcp-handler/-/mcp-handler-2.1.1.tgz",
      "integrity": "sha512-D/PAwxF9TexmixJY+FZMgYq9SSbGm3vtcUjwUHZ8tYYuOtGT3/KgAKBjO3UJZoXgW8nHDtv8ySOICMEZPD0b/Q==",
      "license": "Apache-2.0",
      "dependencies": {
        "chalk": "^5.3.0",
        "commander": "^11.1.0"
      },
      "bin": {
        "create-mcp-route": "dist/cli/index.js",
        "mcp-adapter": "dist/cli/index.js",
        "mcp-handler": "dist/cli/index.js"
      },
      "engines": {
        "node": ">=20"
      },
      "peerDependencies": {
        "@modelcontextprotocol/server": "^2.0.0",
        "next": ">=13.0.0"
      },
      "peerDependenciesMeta": {
        "@modelcontextprotocol/server": {
          "optional": false
        },
        "next": {
          "optional": true
        }
      }
    },
    "node_modules/zod": {
      "version": "4.4.3",
      "resolved": "https://registry.npmjs.org/zod/-/zod-4.4.3.tgz",
      "integrity": "sha512-ytENFjIJFl2UwYglde2jchW2Hwm4GJFLDiSXWdTrJQBIN9Fcyp7n4DhxJEiWNAJMV1/BqWfW/kkg71UDcHJyTQ==",
      "license": "MIT",
      "funding": {
        "url": "https://github.com/sponsors/colinhacks"
      }
    }
  }
}
